
Microsoft Visual Studio Solution File, Format Version 12.00
# Visual Studio Version 17
VisualStudioVersion = 17.8.34330.188
MinimumVisualStudioVersion = 10.0.40219.1
Project("{9A19103F-16F7-4668-BE54-9A1E7A4F7556}") = "TestProject", "ApiTests\TestProject.csproj", "{407D42F4-BCCA-4DB2-9BFE-F66FEA6B92EB}"
EndProject
Global
	GlobalSection(SolutionConfigurationPlatforms) = preSolution
		Debug|Any CPU = Debug|Any CPU
		Release|Any CPU = Release|Any CPU
	EndGlobalSection
	GlobalSection(ProjectConfigurationPlatforms) = postSolution
		{407D42F4-BCCA-4DB2-9BFE-F66FEA6B92EB}.Debug|Any CPU.ActiveCfg = Debug|Any CPU
		{407D42F4-BCCA-4DB2-9BFE-F66FEA6B92EB}.Debug|Any CPU.Build.0 = Debug|Any CPU
		{407D42F4-BCCA-4DB2-9BFE-F66FEA6B92EB}.Release|Any CPU.ActiveCfg = Release|Any CPU
		{407D42F4-BCCA-4DB2-9BFE-F66FEA6B92EB}.Release|Any CPU.Build.0 = Release|Any CPU
	EndGlobalSection
	GlobalSection(SolutionProperties) = preSolution
		HideSolutionNode = FALSE
	EndGlobalSection
	GlobalSection(ExtensibilityGlobals) = postSolution
		SolutionGuid = {A8D8DE7A-0AB3-4314-8FB9-7A4687F8EDC7}
	EndGlobalSection
EndGlobal
